<?xml version="1.0" encoding="utf-8"?>
<Project ToolsVersion="4.0" xmlns="http://schemas.microsoft.com/developer/msbuild/2003">
  <ItemGroup>
    <Filter Include="Circuits">
      <UniqueIdentifier>{a8c51798-0a67-4a21-88da-9baf48096501}</UniqueIdentifier>
    </Filter>
  </ItemGroup>
  <ItemGroup>
    <ClCompile Include="Circuits\MassTransportCircuit.cpp">
      <Filter>Circuits</Filter>
    </ClCompile>
    <ClCompile Include="Circuits\RespiratoryCircuit.cpp">
      <Filter>Circuits</Filter>
    </ClCompile>
    <ClCompile Include="BioGearsEngineTest.cpp" />
    <ClCompile Include="Circuits\CardiovascularCircuit.cpp">
      <Filter>Circuits</Filter>
    </ClCompile>
    <ClCompile Include="Circuits\AnesthesiaCircuit.cpp">
      <Filter>Circuits</Filter>
    </ClCompile>
  </ItemGroup>
  <ItemGroup>
    <ClInclude Include="BioGearsEngineTest.h" />
  </ItemGroup>
</Project>