<?xml version="1.0" encoding="utf-8"?>
<Project ToolsVersion="4.0" xmlns="http://schemas.microsoft.com/developer/msbuild/2003">
  <ItemGroup>
    <Filter Include="source">
      <UniqueIdentifier>{69699845-f911-4675-bc90-6f0b9892f630}</UniqueIdentifier>
    </Filter>
    <Filter Include="include">
      <UniqueIdentifier>{c5e05998-0e6a-4935-88ac-3548a996e70f}</UniqueIdentifier>
    </Filter>
  </ItemGroup>
  <ItemGroup>
    <None Include="..\..\..\AbortAppender.hh">
      <Filter>include</Filter>
    </None>
    <None Include="..\..\..\Appender.hh">
      <Filter>include</Filter>
    </None>
    <None Include="..\..\..\AppendersFactory.hh">
      <Filter>include</Filter>
    </None>
    <None Include="..\..\..\AppenderSkeleton.hh">
      <Filter>include</Filter>
    </None>
    <None Include="..\..\..\BasicConfigurator.hh">
      <Filter>include</Filter>
    </None>
    <None Include="..\..\..\BasicLayout.hh">
      <Filter>include</Filter>
    </None>
    <None Include="..\..\..\BufferingAppender.hh">
      <Filter>include</Filter>
    </None>
    <None Include="..\..\..\Category.hh">
      <Filter>include</Filter>
    </None>
    <None Include="..\..\..\CategoryStream.hh">
      <Filter>include</Filter>
    </None>
    <None Include="..\..\..\Configurator.hh">
      <Filter>include</Filter>
    </None>
    <None Include="..\..\..\Export.hh">
      <Filter>include</Filter>
    </None>
    <None Include="..\..\..\FactoryParams.hh">
      <Filter>include</Filter>
    </None>
    <None Include="..\..\..\FileAppender.hh">
      <Filter>include</Filter>
    </None>
    <None Include="..\..\..\Filter.hh">
      <Filter>include</Filter>
    </None>
    <None Include="..\..\..\FixedContextCategory.hh">
      <Filter>include</Filter>
    </None>
    <None Include="..\..\..\HierarchyMaintainer.hh">
      <Filter>include</Filter>
    </None>
    <None Include="..\..\..\IdsaAppender.hh">
      <Filter>include</Filter>
    </None>
    <None Include="..\..\..\Layout.hh">
      <Filter>include</Filter>
    </None>
    <None Include="..\..\..\LayoutAppender.hh">
      <Filter>include</Filter>
    </None>
    <None Include="..\..\..\LayoutsFactory.hh">
      <Filter>include</Filter>
    </None>
    <None Include="..\..\..\LevelEvaluator.hh">
      <Filter>include</Filter>
    </None>
    <None Include="..\..\..\LoggingEvent.hh">
      <Filter>include</Filter>
    </None>
    <None Include="..\..\..\Makefile.am">
      <Filter>include</Filter>
    </None>
    <None Include="..\..\..\Makefile.in">
      <Filter>include</Filter>
    </None>
    <None Include="..\..\..\Manipulator.hh">
      <Filter>include</Filter>
    </None>
    <None Include="..\..\..\NDC.hh">
      <Filter>include</Filter>
    </None>
    <None Include="..\..\..\NTEventLogAppender.hh">
      <Filter>include</Filter>
    </None>
    <None Include="..\..\..\OstreamAppender.hh">
      <Filter>include</Filter>
    </None>
    <None Include="..\..\..\PassThroughLayout.hh">
      <Filter>include</Filter>
    </None>
    <None Include="..\..\..\PatternLayout.hh">
      <Filter>include</Filter>
    </None>
    <None Include="..\..\..\Portability.hh">
      <Filter>include</Filter>
    </None>
    <None Include="..\..\..\Priority.hh">
      <Filter>include</Filter>
    </None>
    <None Include="..\..\..\PropertyConfigurator.hh">
      <Filter>include</Filter>
    </None>
    <None Include="..\..\..\RemoteSyslogAppender.hh">
      <Filter>include</Filter>
    </None>
    <None Include="..\..\..\RollingFileAppender.hh">
      <Filter>include</Filter>
    </None>
    <None Include="..\..\..\SimpleConfigurator.hh">
      <Filter>include</Filter>
    </None>
    <None Include="..\..\..\SimpleLayout.hh">
      <Filter>include</Filter>
    </None>
    <None Include="..\..\..\SmtpAppender.hh">
      <Filter>include</Filter>
    </None>
    <None Include="..\..\..\StringQueueAppender.hh">
      <Filter>include</Filter>
    </None>
    <None Include="..\..\..\SyslogAppender.hh">
      <Filter>include</Filter>
    </None>
    <None Include="..\..\..\TimeStamp.hh">
      <Filter>include</Filter>
    </None>
    <None Include="..\..\..\TriggeringEventEvaluator.hh">
      <Filter>include</Filter>
    </None>
    <None Include="..\..\..\TriggeringEventEvaluatorFactory.hh">
      <Filter>include</Filter>
    </None>
    <None Include="..\..\..\Win32DebugAppender.hh">
      <Filter>include</Filter>
    </None>
    <None Include="..\..\Localtime.hh">
      <Filter>source</Filter>
    </None>
    <None Include="..\..\Makefile.am">
      <Filter>source</Filter>
    </None>
    <None Include="..\..\Makefile.in">
      <Filter>source</Filter>
    </None>
    <None Include="..\..\PortabilityImpl.hh">
      <Filter>source</Filter>
    </None>
    <None Include="..\..\Properties.hh">
      <Filter>source</Filter>
    </None>
    <None Include="..\..\PropertyConfiguratorImpl.hh">
      <Filter>source</Filter>
    </None>
    <None Include="..\..\StringUtil.hh">
      <Filter>source</Filter>
    </None>
  </ItemGroup>
  <ItemGroup>
    <ClInclude Include="..\..\..\config-MinGW32.h">
      <Filter>include</Filter>
    </ClInclude>
    <ClInclude Include="..\..\..\config-openvms.h">
      <Filter>include</Filter>
    </ClInclude>
    <ClInclude Include="..\..\..\config-win32.h">
      <Filter>include</Filter>
    </ClInclude>
    <ClInclude Include="..\..\..\config-win32-stlport-boost.h">
      <Filter>include</Filter>
    </ClInclude>
    <ClInclude Include="..\..\..\convenience.h">
      <Filter>include</Filter>
    </ClInclude>
  </ItemGroup>
  <ItemGroup>
    <ClCompile Include="..\..\AbortAppender.cpp">
      <Filter>source</Filter>
    </ClCompile>
    <ClCompile Include="..\..\Appender.cpp">
      <Filter>source</Filter>
    </ClCompile>
    <ClCompile Include="..\..\AppendersFactory.cpp">
      <Filter>source</Filter>
    </ClCompile>
    <ClCompile Include="..\..\AppenderSkeleton.cpp">
      <Filter>source</Filter>
    </ClCompile>
    <ClCompile Include="..\..\BasicConfigurator.cpp">
      <Filter>source</Filter>
    </ClCompile>
    <ClCompile Include="..\..\BasicLayout.cpp">
      <Filter>source</Filter>
    </ClCompile>
    <ClCompile Include="..\..\BufferingAppender.cpp">
      <Filter>source</Filter>
    </ClCompile>
    <ClCompile Include="..\..\Category.cpp">
      <Filter>source</Filter>
    </ClCompile>
    <ClCompile Include="..\..\CategoryStream.cpp">
      <Filter>source</Filter>
    </ClCompile>
    <ClCompile Include="..\..\Configurator.cpp">
      <Filter>source</Filter>
    </ClCompile>
    <ClCompile Include="..\..\DllMain.cpp">
      <Filter>source</Filter>
    </ClCompile>
    <ClCompile Include="..\..\DummyThreads.cpp">
      <Filter>source</Filter>
    </ClCompile>
    <ClCompile Include="..\..\FactoryParams.cpp">
      <Filter>source</Filter>
    </ClCompile>
    <ClCompile Include="..\..\FileAppender.cpp">
      <Filter>source</Filter>
    </ClCompile>
    <ClCompile Include="..\..\Filter.cpp">
      <Filter>source</Filter>
    </ClCompile>
    <ClCompile Include="..\..\FixedContextCategory.cpp">
      <Filter>source</Filter>
    </ClCompile>
    <ClCompile Include="..\..\HierarchyMaintainer.cpp">
      <Filter>source</Filter>
    </ClCompile>
    <ClCompile Include="..\..\IdsaAppender.cpp">
      <Filter>source</Filter>
    </ClCompile>
    <ClCompile Include="..\..\LayoutAppender.cpp">
      <Filter>source</Filter>
    </ClCompile>
    <ClCompile Include="..\..\LayoutsFactory.cpp">
      <Filter>source</Filter>
    </ClCompile>
    <ClCompile Include="..\..\LevelEvaluator.cpp">
      <Filter>source</Filter>
    </ClCompile>
    <ClCompile Include="..\..\Localtime.cpp">
      <Filter>source</Filter>
    </ClCompile>
    <ClCompile Include="..\..\LoggingEvent.cpp">
      <Filter>source</Filter>
    </ClCompile>
    <ClCompile Include="..\..\Manipulator.cpp">
      <Filter>source</Filter>
    </ClCompile>
    <ClCompile Include="..\..\MSThreads.cpp">
      <Filter>source</Filter>
    </ClCompile>
    <ClCompile Include="..\..\NDC.cpp">
      <Filter>source</Filter>
    </ClCompile>
    <ClCompile Include="..\..\NTEventLogAppender.cpp">
      <Filter>source</Filter>
    </ClCompile>
    <ClCompile Include="..\..\OmniThreads.cpp">
      <Filter>source</Filter>
    </ClCompile>
    <ClCompile Include="..\..\OstreamAppender.cpp">
      <Filter>source</Filter>
    </ClCompile>
    <ClCompile Include="..\..\PassThroughLayout.cpp">
      <Filter>source</Filter>
    </ClCompile>
    <ClCompile Include="..\..\PatternLayout.cpp">
      <Filter>source</Filter>
    </ClCompile>
    <ClCompile Include="..\..\PortabilityImpl.cpp">
      <Filter>source</Filter>
    </ClCompile>
    <ClCompile Include="..\..\Priority.cpp">
      <Filter>source</Filter>
    </ClCompile>
    <ClCompile Include="..\..\Properties.cpp">
      <Filter>source</Filter>
    </ClCompile>
    <ClCompile Include="..\..\PropertyConfigurator.cpp">
      <Filter>source</Filter>
    </ClCompile>
    <ClCompile Include="..\..\PropertyConfiguratorImpl.cpp">
      <Filter>source</Filter>
    </ClCompile>
    <ClCompile Include="..\..\PThreads.cpp">
      <Filter>source</Filter>
    </ClCompile>
    <ClCompile Include="..\..\RemoteSyslogAppender.cpp">
      <Filter>source</Filter>
    </ClCompile>
    <ClCompile Include="..\..\RollingFileAppender.cpp">
      <Filter>source</Filter>
    </ClCompile>
    <ClCompile Include="..\..\SimpleConfigurator.cpp">
      <Filter>source</Filter>
    </ClCompile>
    <ClCompile Include="..\..\SimpleLayout.cpp">
      <Filter>source</Filter>
    </ClCompile>
    <ClCompile Include="..\..\SmtpAppender.cpp">
      <Filter>source</Filter>
    </ClCompile>
    <ClCompile Include="..\..\snprintf.c">
      <Filter>source</Filter>
    </ClCompile>
    <ClCompile Include="..\..\StringQueueAppender.cpp">
      <Filter>source</Filter>
    </ClCompile>
    <ClCompile Include="..\..\StringUtil.cpp">
      <Filter>source</Filter>
    </ClCompile>
    <ClCompile Include="..\..\SyslogAppender.cpp">
      <Filter>source</Filter>
    </ClCompile>
    <ClCompile Include="..\..\TimeStamp.cpp">
      <Filter>source</Filter>
    </ClCompile>
    <ClCompile Include="..\..\TriggeringEventEvaluatorFactory.cpp">
      <Filter>source</Filter>
    </ClCompile>
    <ClCompile Include="..\..\Win32DebugAppender.cpp">
      <Filter>source</Filter>
    </ClCompile>
  </ItemGroup>
</Project>